
Microsoft Visual Studio Solution File, Format Version 12.00
# Visual Studio 15
Project("{FAE04EC0-301F-11D3-BF4B-00C04F79EFBC}") = "Assembly-CSharp", "Assembly-CSharp.csproj", "{A8E94E0E-BB89-24E4-9AF3-37AF36277BE5}"
EndProject
Project("{FAE04EC0-301F-11D3-BF4B-00C04F79EFBC}") = "Assembly-CSharp-Editor", "Assembly-CSharp-Editor.csproj", "{4CDE227F-83BA-7469-E9F6-BD55994FEF05}"
EndProject
Global
	GlobalSection(SolutionConfigurationPlatforms) = preSolution
		Debug|Any CPU = Debug|Any CPU
		Release|Any CPU = Release|Any CPU
	EndGlobalSection
	GlobalSection(ProjectConfigurationPlatforms) = postSolution
		{A8E94E0E-BB89-24E4-9AF3-37AF36277BE5}.Debug|Any CPU.ActiveCfg = Debug|Any CPU
		{A8E94E0E-BB89-24E4-9AF3-37AF36277BE5}.Debug|Any CPU.Build.0 = Debug|Any CPU
		{A8E94E0E-BB89-24E4-9AF3-37AF36277BE5}.Release|Any CPU.ActiveCfg = Release|Any CPU
		{A8E94E0E-BB89-24E4-9AF3-37AF36277BE5}.Release|Any CPU.Build.0 = Release|Any CPU
		{4CDE227F-83BA-7469-E9F6-BD55994FEF05}.Debug|Any CPU.ActiveCfg = Debug|Any CPU
		{4CDE227F-83BA-7469-E9F6-BD55994FEF05}.Debug|Any CPU.Build.0 = Debug|Any CPU
		{4CDE227F-83BA-7469-E9F6-BD55994FEF05}.Release|Any CPU.ActiveCfg = Release|Any CPU
		{4CDE227F-83BA-7469-E9F6-BD55994FEF05}.Release|Any CPU.Build.0 = Release|Any CPU
	EndGlobalSection
	GlobalSection(SolutionProperties) = preSolution
		HideSolutionNode = FALSE
	EndGlobalSection
EndGlobal
